// !$*UTF8*$!
{
	archiveVersion = 1;
	classes = {
	};
	objectVersion = 50;
	objects = {

/* Begin PBXBuildFile section */
		DEFDCE5022D1DB0D00773788 /* AppDelegate.swift in Sources */ = {isa = PBXBuildFile; fileRef = DEFDCE4F22D1DB0D00773788 /* AppDelegate.swift */; };
		DEFDCE5222D1DB0D00773788 /* ViewController.swift in Sources */ = {isa = PBXBuildFile; fileRef = DEFDCE5122D1DB0D00773788 /* ViewController.swift */; };
		DEFDCE5522D1DB0D00773788 /* Main.storyboard in Resources */ = {isa = PBXBuildFile; fileRef = DEFDCE5322D1DB0D00773788 /* Main.storyboard */; };
		DEFDCE5722D1DB0E00773788 /* Assets.xcassets in Resources */ = {isa = PBXBuildFile; fileRef = DEFDCE5622D1DB0E00773788 /* Assets.xcassets */; };
		DEFDCE5A22D1DB0E00773788 /* LaunchScreen.storyboard in Resources */ = {isa = PBXBuildFile; fileRef = DEFDCE5822D1DB0E00773788 /* LaunchScreen.storyboard */; };
		DEFDCE6222D1DFC300773788 /* UIView+Extension.swift in Sources */ = {isa = PBXBuildFile; fileRef = DEFDCE6122D1DFC300773788 /* UIView+Extension.swift */; };
		DEFDCE6422D1E53900773788 /* SetupViewController.swift in Sources */ = {isa = PBXBuildFile; fileRef = DEFDCE6322D1E53900773788 /* SetupViewController.swift */; };
/* End PBXBuildFile section */

/* Begin PBXFileReference section */
		DEFDCE4C22D1DB0D00773788 /* DateCounter.app */ = {isa = PBXFileReference; explicitFileType = wrapper.application; includeInIndex = 0; path = DateCounter.app; sourceTree = BUILT_PRODUCTS_DIR; };
		DEFDCE4F22D1DB0D00773788 /* AppDelegate.swift */ = {isa = PBXFileReference; lastKnownFileType = sourcecode.swift; path = AppDelegate.swift; sourceTree = "<group>"; };
		DEFDCE5122D1DB0D00773788 /* ViewController.swift */ = {isa = PBXFileReference; lastKnownFileType = sourcecode.swift; path = ViewController.swift; sourceTree = "<group>"; };
		DEFDCE5422D1DB0D00773788 /* Base */ = {isa = PBXFileReference; lastKnownFileType = file.storyboard; name = Base; path = Base.lproj/Main.storyboard; sourceTree = "<group>"; };
		DEFDCE5622D1DB0E00773788 /* Assets.xcassets */ = {isa = PBXFileReference; lastKnownFileType = folder.assetcatalog; path = Assets.xcassets; sourceTree = "<group>"; };
		DEFDCE5922D1DB0E00773788 /* Base */ = {isa = PBXFileReference; lastKnownFileType = file.storyboard; name = Base; path = Base.lproj/LaunchScreen.storyboard; sourceTree = "<group>"; };
		DEFDCE5B22D1DB0E00773788 /* Info.plist */ = {isa = PBXFileReference; lastKnownFileType = text.plist.xml; path = Info.plist; sourceTree = "<group>"; };
		DEFDCE6122D1DFC300773788 /* UIView+Extension.swift */ = {isa = PBXFileReference; lastKnownFileType = sourcecode.swift; path = "UIView+Extension.swift"; sourceTree = "<group>"; };
		DEFDCE6322D1E53900773788 /* SetupViewController.swift */ = {isa = PBXFileReference; lastKnownFileType = sourcecode.swift; path = SetupViewController.swift; sourceTree = "<group>"; };
/* End PBXFileReference section */

/* Begin PBXFrameworksBuildPhase section */
		DEFDCE4922D1DB0D00773788 /* Frameworks */ = {
			isa = PBXFrameworksBuildPhase;
			buildActionMask = 2147483647;
			files = (
			);
			runOnlyForDeploymentPostprocessing = 0;
		};
/* End PBXFrameworksBuildPhase section */

/* Begin PBXGroup section */
		DEFDCE4322D1DB0D00773788 = {
			isa = PBXGroup;
			children = (
				DEFDCE4E22D1DB0D00773788 /* DateCounter */,
				DEFDCE4D22D1DB0D00773788 /* Products */,
			);
			sourceTree = "<group>";
		};
		DEFDCE4D22D1DB0D00773788 /* Products */ = {
			isa = PBXGroup;
			children = (
				DEFDCE4C22D1DB0D00773788 /* DateCounter.app */,
			);
			name = Products;
			sourceTree = "<group>";
		};
		DEFDCE4E22D1DB0D00773788 /* DateCounter */ = {
			isa = PBXGroup;
			children = (
				DEFDCE4F22D1DB0D00773788 /* AppDelegate.swift */,
				DEFDCE5122D1DB0D00773788 /* ViewController.swift */,
				DEFDCE6322D1E53900773788 /* SetupViewController.swift */,
				DEFDCE5322D1DB0D00773788 /* Main.storyboard */,
				DEFDCE6122D1DFC300773788 /* UIView+Extension.swift */,
				DEFDCE5622D1DB0E00773788 /* Assets.xcassets */,
				DEFDCE5822D1DB0E00773788 /* LaunchScreen.storyboard */,
				DEFDCE5B22D1DB0E00773788 /* Info.plist */,
			);
			path = DateCounter;
			sourceTree = "<group>";
		};
/* End PBXGroup section */

/* Begin PBXNativeTarget section */
		DEFDCE4B22D1DB0D00773788 /* DateCounter */ = {
			isa = PBXNativeTarget;
			buildConfigurationList = DEFDCE5E22D1DB0E00773788 /* Build configuration list for PBXNativeTarget "DateCounter" */;
			buildPhases = (
				DEFDCE4822D1DB0D00773788 /* Sources */,
				DEFDCE4922D1DB0D00773788 /* Frameworks */,
				DEFDCE4A22D1DB0D00773788 /* Resources */,
			);
			buildRules = (
			);
			dependencies = (
			);
			name = DateCounter;
			productName = DateCounter;
			productReference = DEFDCE4C22D1DB0D00773788 /* DateCounter.app */;
			productType = "com.apple.product-type.application";
		};
/* End PBXNativeTarget section */

/* Begin PBXProject section */
		DEFDCE4422D1DB0D00773788 /* Project object */ = {
			isa = PBXProject;
			attributes = {
				LastSwiftUpdateCheck = 1020;
				LastUpgradeCheck = 1020;
				ORGANIZATIONNAME = "Yi Shiung Liu";
				TargetAttributes = {
					DEFDCE4B22D1DB0D00773788 = {
						CreatedOnToolsVersion = 10.2.1;
					};
				};
			};
			buildConfigurationList = DEFDCE4722D1DB0D00773788 /* Build configuration list for PBXProject "DateCounter" */;
			compatibilityVersion = "Xcode 9.3";
			developmentRegion = en;
			hasScannedForEncodings = 0;
			knownRegions = (
				en,
				Base,
			);
			mainGroup = DEFDCE4322D1DB0D00773788;
			productRefGroup = DEFDCE4D22D1DB0D00773788 /* Products */;
			projectDirPath = "";
			projectRoot = "";
			targets = (
				DEFDCE4B22D1DB0D00773788 /* DateCounter */,
			);
		};
/* End PBXProject section */

/* Begin PBXResourcesBuildPhase section */
		DEFDCE4A22D1DB0D00773788 /* Resources */ = {
			isa = PBXResourcesBuildPhase;
			buildActionMask = 2147483647;
			files = (
				DEFDCE5A22D1DB0E00773788 /* LaunchScreen.storyboard in Resources */,
				DEFDCE5722D1DB0E00773788 /* Assets.xcassets in Resources */,
				DEFDCE5522D1DB0D00773788 /* Main.storyboard in Resources */,
			);
			runOnlyForDeploymentPostprocessing = 0;
		};
/* End PBXResourcesBuildPhase section */

/* Begin PBXSourcesBuildPhase section */
		DEFDCE4822D1DB0D00773788 /* Sources */ = {
			isa = PBXSourcesBuildPhase;
			buildActionMask = 2147483647;
			files = (
				DEFDCE6422D1E53900773788 /* SetupViewController.swift in Sources */,
				DEFDCE6222D1DFC300773788 /* UIView+Extension.swift in Sources */,
				DEFDCE5222D1DB0D00773788 /* ViewController.swift in Sources */,
				DEFDCE5022D1DB0D00773788 /* AppDelegate.swift in Sources */,
			);
			runOnlyForDeploymentPostprocessing = 0;
		};
/* End PBXSourcesBuildPhase section */

/* Begin PBXVariantGroup section */
		DEFDCE5322D1DB0D00773788 /* Main.storyboard */ = {
			isa = PBXVariantGroup;
			children = (
				DEFDCE5422D1DB0D00773788 /* Base */,
			);
			name = Main.storyboard;
			sourceTree = "<group>";
		};
		DEFDCE5822D1DB0E00773788 /* LaunchScreen.storyboard */ = {
			isa = PBXVariantGroup;
			children = (
				DEFDCE5922D1DB0E00773788 /* Base */,
			);
			name = LaunchScreen.storyboard;
			sourceTree = "<group>";
		};
/* End PBXVariantGroup section */

/* Begin XCBuildConfiguration section */
		DEFDCE5C22D1DB0E00773788 /* Debug */ = {
			isa = XCBuildConfiguration;
			buildSettings = {
				ALWAYS_SEARCH_USER_PATHS = NO;
				CLANG_ANALYZER_NONNULL = YES;
				CLANG_ANALYZER_NUMBER_OBJECT_CONVERSION = YES_AGGRESSIVE;
				CLANG_CXX_LANGUAGE_STANDARD = "gnu++14";
				CLANG_CXX_LIBRARY = "libc++";
				CLANG_ENABLE_MODULES = YES;
				CLANG_ENABLE_OBJC_ARC = YES;
				CLANG_ENABLE_OBJC_WEAK = YES;
				CLANG_WARN_BLOCK_CAPTURE_AUTORELEASING = YES;
				CLANG_WARN_BOOL_CONVERSION = YES;
				CLANG_WARN_COMMA = YES;
				CLANG_WARN_CONSTANT_CONVERSION = YES;
				CLANG_WARN_DEPRECATED_OBJC_IMPLEMENTATIONS = YES;
				CLANG_WARN_DIRECT_OBJC_ISA_USAGE = YES_ERROR;
				CLANG_WARN_DOCUMENTATION_COMMENTS = YES;
				CLANG_WARN_EMPTY_BODY = YES;
				CLANG_WARN_ENUM_CONVERSION = YES;
				CLANG_WARN_INFINITE_RECURSION = YES;
				CLANG_WARN_INT_CONVERSION = YES;
				CLANG_WARN_NON_LITERAL_NULL_CONVERSION = YES;
				CLANG_WARN_OBJC_IMPLICIT_RETAIN_SELF = YES;
				CLANG_WARN_OBJC_LITERAL_CONVERSION = YES;
				CLANG_WARN_OBJC_ROOT_CLASS = YES_ERROR;
				CLANG_WARN_RANGE_LOOP_ANALYSIS = YES;
				CLANG_WARN_STRICT_PROTOTYPES = YES;
				CLANG_WARN_SUSPICIOUS_MOVE = YES;
				CLANG_WARN_UNGUARDED_AVAILABILITY = YES_AGGRESSIVE;
				CLANG_WARN_UNREACHABLE_CODE = YES;
				CLANG_WARN__DUPLICATE_METHOD_MATCH = YES;
				CODE_SIGN_IDENTITY = "iPhone Developer";
				COPY_PHASE_STRIP = NO;
				DEBUG_INFORMATION_FORMAT = dwarf;
				ENABLE_STRICT_OBJC_MSGSEND = YES;
				ENABLE_TESTABILITY = YES;
				GCC_C_LANGUAGE_STANDARD = gnu11;
				GCC_DYNAMIC_NO_PIC = NO;
				GCC_NO_COMMON_BLOCKS = YES;
				GCC_OPTIMIZATION_LEVEL = 0;
				GCC_PREPROCESSOR_DEFINITIONS = (
					"DEBUG=1",
					"$(inherited)",
				);
				GCC_WARN_64_TO_32_BIT_CONVERSION = YES;
				GCC_WARN_ABOUT_RETURN_TYPE = YES_ERROR;
				GCC_WARN_UNDECLARED_SELECTOR = YES;
				GCC_WARN_UNINITIALIZED_AUTOS = YES_AGGRESSIVE;
				GCC_WARN_UNUSED_FUNCTION = YES;
				GCC_WARN_UNUSED_VARIABLE = YES;
				IPHONEOS_DEPLOYMENT_TARGET = 12.2;
				MTL_ENABLE_DEBUG_INFO = INCLUDE_SOURCE;
				MTL_FAST_MATH = YES;
				ONLY_ACTIVE_ARCH = YES;
				SDKROOT = iphoneos;
				SWIFT_ACTIVE_COMPILATION_CONDITIONS = DEBUG;
				SWIFT_OPTIMIZATION_LEVEL = "-Onone";
			};
			name = Debug;
		};
		DEFDCE5D22D1DB0E00773788 /* Release */ = {
			isa = XCBuildConfiguration;
			buildSettings = {
				ALWAYS_SEARCH_USER_PATHS = NO;
				CLANG_ANALYZER_NONNULL = YES;
				CLANG_ANALYZER_NUMBER_OBJECT_CONVERSION = YES_AGGRESSIVE;
				CLANG_CXX_LANGUAGE_STANDARD = "gnu++14";
				CLANG_CXX_LIBRARY = "libc++";
				CLANG_ENABLE_MODULES = YES;
				CLANG_ENABLE_OBJC_ARC = YES;
				CLANG_ENABLE_OBJC_WEAK = YES;
				CLANG_WARN_BLOCK_CAPTURE_AUTORELEASING = YES;
				CLANG_WARN_BOOL_CONVERSION = YES;
				CLANG_WARN_COMMA = YES;
				CLANG_WARN_CONSTANT_CONVERSION = YES;
				CLANG_WARN_DEPRECATED_OBJC_IMPLEMENTATIONS = YES;
				CLANG_WARN_DIRECT_OBJC_ISA_USAGE = YES_ERROR;
				CLANG_WARN_DOCUMENTATION_COMMENTS = YES;
				CLANG_WARN_EMPTY_BODY = YES;
				CLANG_WARN_ENUM_CONVERSION = YES;
				CLANG_WARN_INFINITE_RECURSION = YES;
				CLANG_WARN_INT_CONVERSION = YES;
				CLANG_WARN_NON_LITERAL_NULL_CONVERSION = YES;
				CLANG_WARN_OBJC_IMPLICIT_RETAIN_SELF = YES;
				CLANG_WARN_OBJC_LITERAL_CONVERSION = YES;
				CLANG_WARN_OBJC_ROOT_CLASS = YES_ERROR;
				CLANG_WARN_RANGE_LOOP_ANALYSIS = YES;
				CLANG_WARN_STRICT_PROTOTYPES = YES;
				CLANG_WARN_SUSPICIOUS_MOVE = YES;
				CLANG_WARN_UNGUARDED_AVAILABILITY = YES_AGGRESSIVE;
				CLANG_WARN_UNREACHABLE_CODE = YES;
				CLANG_WARN__DUPLICATE_METHOD_MATCH = YES;
				CODE_SIGN_IDENTITY = "iPhone Developer";
				COPY_PHASE_STRIP = NO;
				DEBUG_INFORMATION_FORMAT = "dwarf-with-dsym";
				ENABLE_NS_ASSERTIONS = NO;
				ENABLE_STRICT_OBJC_MSGSEND = YES;
				GCC_C_LANGUAGE_STANDARD = gnu11;
				GCC_NO_COMMON_BLOCKS = YES;
				GCC_WARN_64_TO_32_BIT_CONVERSION = YES;
				GCC_WARN_ABOUT_RETURN_TYPE = YES_ERROR;
				GCC_WARN_UNDECLARED_SELECTOR = YES;
				GCC_WARN_UNINITIALIZED_AUTOS = YES_AGGRESSIVE;
				GCC_WARN_UNUSED_FUNCTION = YES;
				GCC_WARN_UNUSED_VARIABLE = YES;
				IPHONEOS_DEPLOYMENT_TARGET = 12.2;
				MTL_ENABLE_DEBUG_INFO = NO;
				MTL_FAST_MATH = YES;
				SDKROOT = iphoneos;
				SWIFT_COMPILATION_MODE = wholemodule;
				SWIFT_OPTIMIZATION_LEVEL = "-O";
				VALIDATE_PRODUCT = YES;
			};
			name = Release;
		};
		DEFDCE5F22D1DB0E00773788 /* Debug */ = {
			isa = XCBuildConfiguration;
			buildSettings = {
				ASSETCATALOG_COMPILER_APPICON_NAME = AppIcon;
				CODE_SIGN_STYLE = Automatic;
				DEVELOPMENT_TEAM = Y8SJ5M44N4;
				INFOPLIST_FILE = DateCounter/Info.plist;
				LD_RUNPATH_SEARCH_PATHS = (
					"$(inherited)",
					"@executable_path/Frameworks",
				);
				PRODUCT_BUNDLE_IDENTIFIER = com.ys.DateCounter;
				PRODUCT_NAME = "$(TARGET_NAME)";
				SWIFT_VERSION = 5.0;
				TARGETED_DEVICE_FAMILY = "1,2";
			};
			name = Debug;
		};
		DEFDCE6022D1DB0E00773788 /* Release */ = {
			isa = XCBuildConfiguration;
			buildSettings = {
				ASSETCATALOG_COMPILER_APPICON_NAME = AppIcon;
				CODE_SIGN_STYLE = Automatic;
				DEVELOPMENT_TEAM = Y8SJ5M44N4;
				INFOPLIST_FILE = DateCounter/Info.plist;
				LD_RUNPATH_SEARCH_PATHS = (
					"$(inherited)",
					"@executable_path/Frameworks",
				);
				PRODUCT_BUNDLE_IDENTIFIER = com.ys.DateCounter;
				PRODUCT_NAME = "$(TARGET_NAME)";
				SWIFT_VERSION = 5.0;
				TARGETED_DEVICE_FAMILY = "1,2";
			};
			name = Release;
		};
/* End XCBuildConfiguration section */

/* Begin XCConfigurationList section */
		DEFDCE4722D1DB0D00773788 /* Build configuration list for PBXProject "DateCounter" */ = {
			isa = XCConfigurationList;
			buildConfigurations = (
				DEFDCE5C22D1DB0E00773788 /* Debug */,
				DEFDCE5D22D1DB0E00773788 /* Release */,
			);
			defaultConfigurationIsVisible = 0;
			defaultConfigurationName = Release;
		};
		DEFDCE5E22D1DB0E00773788 /* Build configuration list for PBXNativeTarget "DateCounter" */ = {
			isa = XCConfigurationList;
			buildConfigurations = (
				DEFDCE5F22D1DB0E00773788 /* Debug */,
				DEFDCE6022D1DB0E00773788 /* Release */,
			);
			defaultConfigurationIsVisible = 0;
			defaultConfigurationName = Release;
		};
/* End XCConfigurationList section */
	};
	rootObject = DEFDCE4422D1DB0D00773788 /* Project object */;
}
